
Microsoft Visual Studio Solution File, Format Version 12.00
# Visual Studio Version 17
VisualStudioVersion = 17.6.33723.286
MinimumVisualStudioVersion = 10.0.40219.1
Project("{FAE04EC0-301F-11D3-BF4B-00C04F79EFBC}") = "TestProcessFormsApp", "TestProcessFormsApp\TestProcessFormsApp.csproj", "{ADBE82CB-3234-420F-B807-50FF63530B65}"
EndProject
Project("{FAE04EC0-301F-11D3-BF4B-00C04F79EFBC}") = "JModbusClient", "..\JModbusClient修复读取超时\JModbusClient\JModbusClient.csproj", "{1948A218-E7E1-46C2-921A-2E55CA5D4F1C}"
EndProject
Project("{FAE04EC0-301F-11D3-BF4B-00C04F79EFBC}") = "GmApi", "..\GmApi\GmApi.csproj", "{76B8A1F7-84C0-4848-9804-8E5FC8F3C85E}"
EndProject
Global
	GlobalSection(SolutionConfigurationPlatforms) = preSolution
		Debug|Any CPU = Debug|Any CPU
		Release|Any CPU = Release|Any CPU
	EndGlobalSection
	GlobalSection(ProjectConfigurationPlatforms) = postSolution
		{ADBE82CB-3234-420F-B807-50FF63530B65}.Debug|Any CPU.ActiveCfg = Debug|Any CPU
		{ADBE82CB-3234-420F-B807-50FF63530B65}.Debug|Any CPU.Build.0 = Debug|Any CPU
		{ADBE82CB-3234-420F-B807-50FF63530B65}.Release|Any CPU.ActiveCfg = Release|Any CPU
		{ADBE82CB-3234-420F-B807-50FF63530B65}.Release|Any CPU.Build.0 = Release|Any CPU
		{1948A218-E7E1-46C2-921A-2E55CA5D4F1C}.Debug|Any CPU.ActiveCfg = Debug|Any CPU
		{1948A218-E7E1-46C2-921A-2E55CA5D4F1C}.Debug|Any CPU.Build.0 = Debug|Any CPU
		{1948A218-E7E1-46C2-921A-2E55CA5D4F1C}.Release|Any CPU.ActiveCfg = Release|Any CPU
		{1948A218-E7E1-46C2-921A-2E55CA5D4F1C}.Release|Any CPU.Build.0 = Release|Any CPU
		{76B8A1F7-84C0-4848-9804-8E5FC8F3C85E}.Debug|Any CPU.ActiveCfg = Debug|Any CPU
		{76B8A1F7-84C0-4848-9804-8E5FC8F3C85E}.Debug|Any CPU.Build.0 = Debug|Any CPU
		{76B8A1F7-84C0-4848-9804-8E5FC8F3C85E}.Release|Any CPU.ActiveCfg = Release|Any CPU
		{76B8A1F7-84C0-4848-9804-8E5FC8F3C85E}.Release|Any CPU.Build.0 = Release|Any CPU
	EndGlobalSection
	GlobalSection(SolutionProperties) = preSolution
		HideSolutionNode = FALSE
	EndGlobalSection
	GlobalSection(ExtensibilityGlobals) = postSolution
		SolutionGuid = {1216098E-56D6-4C06-820E-4C7307AE7098}
	EndGlobalSection
EndGlobal
